// !$*UTF8*$!
{
	archiveVersion = 1;
	classes = {
	};
	objectVersion = 46;
	objects = {

/* Begin PBXBuildFile section */
		0E21ABED182CC35100C22BA0 /* calendar.png in Resources */ = {isa = PBXBuildFile; fileRef = 0E21ABEC182CC35100C22BA0 /* calendar.png */; };
		0E21ABEF182CC3A500C22BA0 /* reminder.png in Resources */ = {isa = PBXBuildFile; fileRef = 0E21ABEE182CC3A500C22BA0 /* reminder.png */; };
		0E21ABF1182CC3EB00C22BA0 /* today.png in Resources */ = {isa = PBXBuildFile; fileRef = 0E21ABF0182CC3EB00C22BA0 /* today.png */; };
		0E21ABF4182CC7C400C22BA0 /* OmniRemindEventDetailViewController.m in Sources */ = {isa = PBXBuildFile; fileRef = 0E21ABF3182CC7C400C22BA0 /* OmniRemindEventDetailViewController.m */; };
		0E21ABFA182CCADC00C22BA0 /* OmniRemindReminderViewController.m in Sources */ = {isa = PBXBuildFile; fileRef = 0E21ABF9182CCADC00C22BA0 /* OmniRemindReminderViewController.m */; };
		0E541FD9184376E800B7054F /* OmniRemindAddDetailViewController.m in Sources */ = {isa = PBXBuildFile; fileRef = 0E541FD8184376E800B7054F /* OmniRemindAddDetailViewController.m */; };
		0E541FDC18437F1D00B7054F /* OmniRemindCourse.m in Sources */ = {isa = PBXBuildFile; fileRef = 0E541FDB18437F1D00B7054F /* OmniRemindCourse.m */; };
		0E59F90F1827469500942B12 /* OmniRemindCalendarCollectionViewCell.m in Sources */ = {isa = PBXBuildFile; fileRef = 0E59F90C1827469500942B12 /* OmniRemindCalendarCollectionViewCell.m */; };
		0E59F9101827469500942B12 /* OmniRemindCalendarView.m in Sources */ = {isa = PBXBuildFile; fileRef = 0E59F90E1827469500942B12 /* OmniRemindCalendarView.m */; };
		0E59F9131827554100942B12 /* OmniRemindEventGenerator.m in Sources */ = {isa = PBXBuildFile; fileRef = 0E59F9121827554100942B12 /* OmniRemindEventGenerator.m */; };
		0E69353E18157B520095563C /* UIKit.framework in Frameworks */ = {isa = PBXBuildFile; fileRef = 0E69353D18157B520095563C /* UIKit.framework */; };
		0E69354018157B520095563C /* Foundation.framework in Frameworks */ = {isa = PBXBuildFile; fileRef = 0E69353F18157B520095563C /* Foundation.framework */; };
		0E69354218157B520095563C /* CoreGraphics.framework in Frameworks */ = {isa = PBXBuildFile; fileRef = 0E69354118157B520095563C /* CoreGraphics.framework */; };
		0E69354818157B520095563C /* InfoPlist.strings in Resources */ = {isa = PBXBuildFile; fileRef = 0E69354618157B520095563C /* InfoPlist.strings */; };
		0E69354A18157B520095563C /* main.m in Sources */ = {isa = PBXBuildFile; fileRef = 0E69354918157B520095563C /* main.m */; };
		0E69354E18157B520095563C /* OmniRemindAppDelegate.m in Sources */ = {isa = PBXBuildFile; fileRef = 0E69354D18157B520095563C /* OmniRemindAppDelegate.m */; };
		0E69355018157B520095563C /* Default.png in Resources */ = {isa = PBXBuildFile; fileRef = 0E69354F18157B520095563C /* Default.png */; };
		0E69355218157B520095563C /* Default@2x.png in Resources */ = {isa = PBXBuildFile; fileRef = 0E69355118157B520095563C /* Default@2x.png */; };
		0E69355418157B520095563C /* Default-568h@2x.png in Resources */ = {isa = PBXBuildFile; fileRef = 0E69355318157B520095563C /* Default-568h@2x.png */; };
		0E69355718157B520095563C /* MainStoryboard_iPhone.storyboard in Resources */ = {isa = PBXBuildFile; fileRef = 0E69355518157B520095563C /* MainStoryboard_iPhone.storyboard */; };
		0E69355A18157B520095563C /* MainStoryboard_iPad.storyboard in Resources */ = {isa = PBXBuildFile; fileRef = 0E69355818157B520095563C /* MainStoryboard_iPad.storyboard */; };
		0E697BB01832CC3800D37AD4 /* plus-sign.png in Resources */ = {isa = PBXBuildFile; fileRef = 0E697BAF1832CC3800D37AD4 /* plus-sign.png */; };
		0E697BB31832CE0400D37AD4 /* OmniRemindAddViewController.m in Sources */ = {isa = PBXBuildFile; fileRef = 0E697BB21832CE0400D37AD4 /* OmniRemindAddViewController.m */; };
		0EB0E24E1833B791008506BE /* disclosure.png in Resources */ = {isa = PBXBuildFile; fileRef = 0EB0E24D1833B791008506BE /* disclosure.png */; };
		0EB0E2501833C305008506BE /* pencil.png in Resources */ = {isa = PBXBuildFile; fileRef = 0EB0E24F1833C305008506BE /* pencil.png */; };
		0EBEA9F018329EEB006BAA52 /* Parse.framework in Frameworks */ = {isa = PBXBuildFile; fileRef = 0EBEA9EF18329EEB006BAA52 /* Parse.framework */; };
		0ED2CC0B18299A6E003C8B16 /* OmniRemindDayViewController.m in Sources */ = {isa = PBXBuildFile; fileRef = 0ED2CC0A18299A6E003C8B16 /* OmniRemindDayViewController.m */; };
		3A154E551831ED98006B2653 /* AudioToolbox.framework in Frameworks */ = {isa = PBXBuildFile; fileRef = 3A154E541831ED98006B2653 /* AudioToolbox.framework */; };
		3A154E571831ED9E006B2653 /* CFNetwork.framework in Frameworks */ = {isa = PBXBuildFile; fileRef = 3A154E561831ED9E006B2653 /* CFNetwork.framework */; };
		3A154E591831EDAA006B2653 /* CoreLocation.framework in Frameworks */ = {isa = PBXBuildFile; fileRef = 3A154E581831EDAA006B2653 /* CoreLocation.framework */; };
		3A154E5B1831EDB3006B2653 /* libz.1.1.3.dylib in Frameworks */ = {isa = PBXBuildFile; fileRef = 3A154E5A1831EDB3006B2653 /* libz.1.1.3.dylib */; };
		3A154E5D1831EDBE006B2653 /* MobileCoreServices.framework in Frameworks */ = {isa = PBXBuildFile; fileRef = 3A154E5C1831EDBE006B2653 /* MobileCoreServices.framework */; };
		3A154E5F1831EDC7006B2653 /* QuartzCore.framework in Frameworks */ = {isa = PBXBuildFile; fileRef = 3A154E5E1831EDC7006B2653 /* QuartzCore.framework */; };
		3A154E611831EDCD006B2653 /* Security.framework in Frameworks */ = {isa = PBXBuildFile; fileRef = 3A154E601831EDCD006B2653 /* Security.framework */; };
		3A154E631831EDD3006B2653 /* StoreKit.framework in Frameworks */ = {isa = PBXBuildFile; fileRef = 3A154E621831EDD3006B2653 /* StoreKit.framework */; };
		3A154E651831EDD9006B2653 /* SystemConfiguration.framework in Frameworks */ = {isa = PBXBuildFile; fileRef = 3A154E641831EDD9006B2653 /* SystemConfiguration.framework */; };
		3A2B61D218242E0F005736CD /* CalendarViewController.m in Sources */ = {isa = PBXBuildFile; fileRef = 3A2B61D118242E0F005736CD /* CalendarViewController.m */; };
		3A8EE4C518219C82001EB511 /* CalendarModel.xcdatamodeld in Sources */ = {isa = PBXBuildFile; fileRef = 3A8EE4C318219C82001EB511 /* CalendarModel.xcdatamodeld */; };
		3A8EE4C918219CDE001EB511 /* CoreDataTableViewController.m in Sources */ = {isa = PBXBuildFile; fileRef = 3A8EE4C818219CDE001EB511 /* CoreDataTableViewController.m */; };
		3A98DA06183312B6005905F9 /* CourseDataFetcher.m in Sources */ = {isa = PBXBuildFile; fileRef = 3A98DA05183312B6005905F9 /* CourseDataFetcher.m */; };
/* End PBXBuildFile section */

/* Begin PBXFileReference section */
		0E21ABEC182CC35100C22BA0 /* calendar.png */ = {isa = PBXFileReference; lastKnownFileType = image.png; path = calendar.png; sourceTree = "<group>"; };
		0E21ABEE182CC3A500C22BA0 /* reminder.png */ = {isa = PBXFileReference; lastKnownFileType = image.png; path = reminder.png; sourceTree = "<group>"; };
		0E21ABF0182CC3EB00C22BA0 /* today.png */ = {isa = PBXFileReference; lastKnownFileType = image.png; path = today.png; sourceTree = "<group>"; };
		0E21ABF2182CC7C400C22BA0 /* OmniRemindEventDetailViewController.h */ = {isa = PBXFileReference; fileEncoding = 4; lastKnownFileType = sourcecode.c.h; path = OmniRemindEventDetailViewController.h; sourceTree = "<group>"; };
		0E21ABF3182CC7C400C22BA0 /* OmniRemindEventDetailViewController.m */ = {isa = PBXFileReference; fileEncoding = 4; lastKnownFileType = sourcecode.c.objc; path = OmniRemindEventDetailViewController.m; sourceTree = "<group>"; };
		0E21ABF8182CCADC00C22BA0 /* OmniRemindReminderViewController.h */ = {isa = PBXFileReference; fileEncoding = 4; lastKnownFileType = sourcecode.c.h; path = OmniRemindReminderViewController.h; sourceTree = "<group>"; };
		0E21ABF9182CCADC00C22BA0 /* OmniRemindReminderViewController.m */ = {isa = PBXFileReference; fileEncoding = 4; lastKnownFileType = sourcecode.c.objc; path = OmniRemindReminderViewController.m; sourceTree = "<group>"; };
		0E541FD7184376E800B7054F /* OmniRemindAddDetailViewController.h */ = {isa = PBXFileReference; fileEncoding = 4; lastKnownFileType = sourcecode.c.h; path = OmniRemindAddDetailViewController.h; sourceTree = "<group>"; };
		0E541FD8184376E800B7054F /* OmniRemindAddDetailViewController.m */ = {isa = PBXFileReference; fileEncoding = 4; lastKnownFileType = sourcecode.c.objc; path = OmniRemindAddDetailViewController.m; sourceTree = "<group>"; };
		0E541FDA18437F1D00B7054F /* OmniRemindCourse.h */ = {isa = PBXFileReference; fileEncoding = 4; lastKnownFileType = sourcecode.c.h; path = OmniRemindCourse.h; sourceTree = "<group>"; };
		0E541FDB18437F1D00B7054F /* OmniRemindCourse.m */ = {isa = PBXFileReference; fileEncoding = 4; lastKnownFileType = sourcecode.c.objc; path = OmniRemindCourse.m; sourceTree = "<group>"; };
		0E59F90B1827469500942B12 /* OmniRemindCalendarCollectionViewCell.h */ = {isa = PBXFileReference; fileEncoding = 4; lastKnownFileType = sourcecode.c.h; path = OmniRemindCalendarCollectionViewCell.h; sourceTree = "<group>"; };
		0E59F90C1827469500942B12 /* OmniRemindCalendarCollectionViewCell.m */ = {isa = PBXFileReference; fileEncoding = 4; lastKnownFileType = sourcecode.c.objc; path = OmniRemindCalendarCollectionViewCell.m; sourceTree = "<group>"; };
		0E59F90D1827469500942B12 /* OmniRemindCalendarView.h */ = {isa = PBXFileReference; fileEncoding = 4; lastKnownFileType = sourcecode.c.h; path = OmniRemindCalendarView.h; sourceTree = "<group>"; };
		0E59F90E1827469500942B12 /* OmniRemindCalendarView.m */ = {isa = PBXFileReference; fileEncoding = 4; lastKnownFileType = sourcecode.c.objc; path = OmniRemindCalendarView.m; sourceTree = "<group>"; };
		0E59F9111827554100942B12 /* OmniRemindEventGenerator.h */ = {isa = PBXFileReference; fileEncoding = 4; lastKnownFileType = sourcecode.c.h; path = OmniRemindEventGenerator.h; sourceTree = "<group>"; };
		0E59F9121827554100942B12 /* OmniRemindEventGenerator.m */ = {isa = PBXFileReference; fileEncoding = 4; lastKnownFileType = sourcecode.c.objc; path = OmniRemindEventGenerator.m; sourceTree = "<group>"; };
		0E69353A18157B520095563C /* omniRemind.app */ = {isa = PBXFileReference; explicitFileType = wrapper.application; includeInIndex = 0; path = omniRemind.app; sourceTree = BUILT_PRODUCTS_DIR; };
		0E69353D18157B520095563C /* UIKit.framework */ = {isa = PBXFileReference; lastKnownFileType = wrapper.framework; name = UIKit.framework; path = System/Library/Frameworks/UIKit.framework; sourceTree = SDKROOT; };
		0E69353F18157B520095563C /* Foundation.framework */ = {isa = PBXFileReference; lastKnownFileType = wrapper.framework; name = Foundation.framework; path = System/Library/Frameworks/Foundation.framework; sourceTree = SDKROOT; };
		0E69354118157B520095563C /* CoreGraphics.framework */ = {isa = PBXFileReference; lastKnownFileType = wrapper.framework; name = CoreGraphics.framework; path = System/Library/Frameworks/CoreGraphics.framework; sourceTree = SDKROOT; };
		0E69354518157B520095563C /* omniRemind-Info.plist */ = {isa = PBXFileReference; lastKnownFileType = text.plist.xml; path = "omniRemind-Info.plist"; sourceTree = "<group>"; };
		0E69354718157B520095563C /* en */ = {isa = PBXFileReference; lastKnownFileType = text.plist.strings; name = en; path = en.lproj/InfoPlist.strings; sourceTree = "<group>"; };
		0E69354918157B520095563C /* main.m */ = {isa = PBXFileReference; lastKnownFileType = sourcecode.c.objc; path = main.m; sourceTree = "<group>"; };
		0E69354B18157B520095563C /* omniRemind-Prefix.pch */ = {isa = PBXFileReference; lastKnownFileType = sourcecode.c.h; path = "omniRemind-Prefix.pch"; sourceTree = "<group>"; };
		0E69354C18157B520095563C /* OmniRemindAppDelegate.h */ = {isa = PBXFileReference; lastKnownFileType = sourcecode.c.h; path = OmniRemindAppDelegate.h; sourceTree = "<group>"; };
		0E69354D18157B520095563C /* OmniRemindAppDelegate.m */ = {isa = PBXFileReference; lastKnownFileType = sourcecode.c.objc; path = OmniRemindAppDelegate.m; sourceTree = "<group>"; };
		0E69354F18157B520095563C /* Default.png */ = {isa = PBXFileReference; lastKnownFileType = image.png; path = Default.png; sourceTree = "<group>"; };
		0E69355118157B520095563C /* Default@2x.png */ = {isa = PBXFileReference; lastKnownFileType = image.png; path = "Default@2x.png"; sourceTree = "<group>"; };
		0E69355318157B520095563C /* Default-568h@2x.png */ = {isa = PBXFileReference; lastKnownFileType = image.png; path = "Default-568h@2x.png"; sourceTree = "<group>"; };
		0E69355618157B520095563C /* en */ = {isa = PBXFileReference; lastKnownFileType = file.storyboard; name = en; path = en.lproj/MainStoryboard_iPhone.storyboard; sourceTree = "<group>"; };
		0E69355918157B520095563C /* en */ = {isa = PBXFileReference; lastKnownFileType = file.storyboard; name = en; path = en.lproj/MainStoryboard_iPad.storyboard; sourceTree = "<group>"; };
		0E697BAF1832CC3800D37AD4 /* plus-sign.png */ = {isa = PBXFileReference; lastKnownFileType = image.png; path = "plus-sign.png"; sourceTree = "<group>"; };
		0E697BB11832CE0400D37AD4 /* OmniRemindAddViewController.h */ = {isa = PBXFileReference; fileEncoding = 4; lastKnownFileType = sourcecode.c.h; path = OmniRemindAddViewController.h; sourceTree = "<group>"; };
		0E697BB21832CE0400D37AD4 /* OmniRemindAddViewController.m */ = {isa = PBXFileReference; fileEncoding = 4; lastKnownFileType = sourcecode.c.objc; path = OmniRemindAddViewController.m; sourceTree = "<group>"; };
		0EB0E24D1833B791008506BE /* disclosure.png */ = {isa = PBXFileReference; lastKnownFileType = image.png; path = disclosure.png; sourceTree = "<group>"; };
		0EB0E24F1833C305008506BE /* pencil.png */ = {isa = PBXFileReference; lastKnownFileType = image.png; path = pencil.png; sourceTree = "<group>"; };
		0EBEA9EF18329EEB006BAA52 /* Parse.framework */ = {isa = PBXFileReference; lastKnownFileType = wrapper.framework; name = Parse.framework; path = omniRemind/frameWork/Parse.framework; sourceTree = "<group>"; };
		0ED2CC0918299A6E003C8B16 /* OmniRemindDayViewController.h */ = {isa = PBXFileReference; fileEncoding = 4; lastKnownFileType = sourcecode.c.h; path = OmniRemindDayViewController.h; sourceTree = "<group>"; };
		0ED2CC0A18299A6E003C8B16 /* OmniRemindDayViewController.m */ = {isa = PBXFileReference; fileEncoding = 4; lastKnownFileType = sourcecode.c.objc; path = OmniRemindDayViewController.m; sourceTree = "<group>"; };
		3A154E541831ED98006B2653 /* AudioToolbox.framework */ = {isa = PBXFileReference; lastKnownFileType = wrapper.framework; name = AudioToolbox.framework; path = System/Library/Frameworks/AudioToolbox.framework; sourceTree = SDKROOT; };
		3A154E561831ED9E006B2653 /* CFNetwork.framework */ = {isa = PBXFileReference; lastKnownFileType = wrapper.framework; name = CFNetwork.framework; path = System/Library/Frameworks/CFNetwork.framework; sourceTree = SDKROOT; };
		3A154E581831EDAA006B2653 /* CoreLocation.framework */ = {isa = PBXFileReference; lastKnownFileType = wrapper.framework; name = CoreLocation.framework; path = System/Library/Frameworks/CoreLocation.framework; sourceTree = SDKROOT; };
		3A154E5A1831EDB3006B2653 /* libz.1.1.3.dylib */ = {isa = PBXFileReference; lastKnownFileType = "compiled.mach-o.dylib"; name = libz.1.1.3.dylib; path = usr/lib/libz.1.1.3.dylib; sourceTree = SDKROOT; };
		3A154E5C1831EDBE006B2653 /* MobileCoreServices.framework */ = {isa = PBXFileReference; lastKnownFileType = wrapper.framework; name = MobileCoreServices.framework; path = System/Library/Frameworks/MobileCoreServices.framework; sourceTree = SDKROOT; };
		3A154E5E1831EDC7006B2653 /* QuartzCore.framework */ = {isa = PBXFileReference; lastKnownFileType = wrapper.framework; name = QuartzCore.framework; path = System/Library/Frameworks/QuartzCore.framework; sourceTree = SDKROOT; };
		3A154E601831EDCD006B2653 /* Security.framework */ = {isa = PBXFileReference; lastKnownFileType = wrapper.framework; name = Security.framework; path = System/Library/Frameworks/Security.framework; sourceTree = SDKROOT; };
		3A154E621831EDD3006B2653 /* StoreKit.framework */ = {isa = PBXFileReference; lastKnownFileType = wrapper.framework; name = StoreKit.framework; path = System/Library/Frameworks/StoreKit.framework; sourceTree = SDKROOT; };
		3A154E641831EDD9006B2653 /* SystemConfiguration.framework */ = {isa = PBXFileReference; lastKnownFileType = wrapper.framework; name = SystemConfiguration.framework; path = System/Library/Frameworks/SystemConfiguration.framework; sourceTree = SDKROOT; };
		3A2B61D018242E0E005736CD /* CalendarViewController.h */ = {isa = PBXFileReference; fileEncoding = 4; lastKnownFileType = sourcecode.c.h; name = CalendarViewController.h; path = Calendar/CalendarViewController.h; sourceTree = "<group>"; };
		3A2B61D118242E0F005736CD /* CalendarViewController.m */ = {isa = PBXFileReference; fileEncoding = 4; lastKnownFileType = sourcecode.c.objc; name = CalendarViewController.m; path = Calendar/CalendarViewController.m; sourceTree = "<group>"; };
		3A8EE4C418219C82001EB511 /* CalendarModel.xcdatamodel */ = {isa = PBXFileReference; lastKnownFileType = wrapper.xcdatamodel; path = CalendarModel.xcdatamodel; sourceTree = "<group>"; };
		3A8EE4C718219CDE001EB511 /* CoreDataTableViewController.h */ = {isa = PBXFileReference; fileEncoding = 4; lastKnownFileType = sourcecode.c.h; name = CoreDataTableViewController.h; path = CoreDataModel/CoreDataTableViewController.h; sourceTree = "<group>"; };
		3A8EE4C818219CDE001EB511 /* CoreDataTableViewController.m */ = {isa = PBXFileReference; fileEncoding = 4; lastKnownFileType = sourcecode.c.objc; name = CoreDataTableViewController.m; path = CoreDataModel/CoreDataTableViewController.m; sourceTree = "<group>"; };
		3A98DA04183312B6005905F9 /* CourseDataFetcher.h */ = {isa = PBXFileReference; fileEncoding = 4; lastKnownFileType = sourcecode.c.h; name = CourseDataFetcher.h; path = Model/CourseDataFetcher.h; sourceTree = "<group>"; };
		3A98DA05183312B6005905F9 /* CourseDataFetcher.m */ = {isa = PBXFileReference; fileEncoding = 4; lastKnownFileType = sourcecode.c.objc; name = CourseDataFetcher.m; path = Model/CourseDataFetcher.m; sourceTree = "<group>"; };
/* End PBXFileReference section */

/* Begin PBXFrameworksBuildPhase section */
		0E69353718157B520095563C /* Frameworks */ = {
			isa = PBXFrameworksBuildPhase;
			buildActionMask = 2147483647;
			files = (
				3A154E651831EDD9006B2653 /* SystemConfiguration.framework in Frameworks */,
				3A154E631831EDD3006B2653 /* StoreKit.framework in Frameworks */,
				3A154E611831EDCD006B2653 /* Security.framework in Frameworks */,
				3A154E5F1831EDC7006B2653 /* QuartzCore.framework in Frameworks */,
				3A154E5D1831EDBE006B2653 /* MobileCoreServices.framework in Frameworks */,
				3A154E5B1831EDB3006B2653 /* libz.1.1.3.dylib in Frameworks */,
				0EBEA9F018329EEB006BAA52 /* Parse.framework in Frameworks */,
				3A154E591831EDAA006B2653 /* CoreLocation.framework in Frameworks */,
				0E69354218157B520095563C /* CoreGraphics.framework in Frameworks */,
				3A154E571831ED9E006B2653 /* CFNetwork.framework in Frameworks */,
				3A154E551831ED98006B2653 /* AudioToolbox.framework in Frameworks */,
				0E69353E18157B520095563C /* UIKit.framework in Frameworks */,
				0E69354018157B520095563C /* Foundation.framework in Frameworks */,
			);
			runOnlyForDeploymentPostprocessing = 0;
		};
/* End PBXFrameworksBuildPhase section */

/* Begin PBXGroup section */
		0E21ABE7182CC20000C22BA0 /* icons */ = {
			isa = PBXGroup;
			children = (
				0EB0E24F1833C305008506BE /* pencil.png */,
				0EB0E24D1833B791008506BE /* disclosure.png */,
				0E697BAF1832CC3800D37AD4 /* plus-sign.png */,
				0E21ABEE182CC3A500C22BA0 /* reminder.png */,
				0E21ABEC182CC35100C22BA0 /* calendar.png */,
				0E21ABF0182CC3EB00C22BA0 /* today.png */,
			);
			name = icons;
			sourceTree = "<group>";
		};
		0E59F9141827554900942B12 /* Model */ = {
			isa = PBXGroup;
			children = (
				0E59F9111827554100942B12 /* OmniRemindEventGenerator.h */,
				0E59F9121827554100942B12 /* OmniRemindEventGenerator.m */,
				3A98DA04183312B6005905F9 /* CourseDataFetcher.h */,
				3A98DA05183312B6005905F9 /* CourseDataFetcher.m */,
				0E541FDA18437F1D00B7054F /* OmniRemindCourse.h */,
				0E541FDB18437F1D00B7054F /* OmniRemindCourse.m */,
			);
			name = Model;
			sourceTree = "<group>";
		};
		0E59F916182762F800942B12 /* viewControllers */ = {
			isa = PBXGroup;
			children = (
				0E21ABF8182CCADC00C22BA0 /* OmniRemindReminderViewController.h */,
				0E21ABF9182CCADC00C22BA0 /* OmniRemindReminderViewController.m */,
				0ED2CC0918299A6E003C8B16 /* OmniRemindDayViewController.h */,
				0ED2CC0A18299A6E003C8B16 /* OmniRemindDayViewController.m */,
				0E21ABF2182CC7C400C22BA0 /* OmniRemindEventDetailViewController.h */,
				0E21ABF3182CC7C400C22BA0 /* OmniRemindEventDetailViewController.m */,
				3A2B61D018242E0E005736CD /* CalendarViewController.h */,
				3A2B61D118242E0F005736CD /* CalendarViewController.m */,
				0E697BB11832CE0400D37AD4 /* OmniRemindAddViewController.h */,
				0E697BB21832CE0400D37AD4 /* OmniRemindAddViewController.m */,
				0E541FD7184376E800B7054F /* OmniRemindAddDetailViewController.h */,
				0E541FD8184376E800B7054F /* OmniRemindAddDetailViewController.m */,
			);
			name = viewControllers;
			sourceTree = "<group>";
		};
		0E59F9181827630C00942B12 /* views */ = {
			isa = PBXGroup;
			children = (
				0E59F90B1827469500942B12 /* OmniRemindCalendarCollectionViewCell.h */,
				0E59F90C1827469500942B12 /* OmniRemindCalendarCollectionViewCell.m */,
				0E59F90D1827469500942B12 /* OmniRemindCalendarView.h */,
				0E59F90E1827469500942B12 /* OmniRemindCalendarView.m */,
			);
			name = views;
			sourceTree = "<group>";
		};
		0E69353118157B520095563C = {
			isa = PBXGroup;
			children = (
				0E69354318157B520095563C /* omniRemind */,
				0E69353C18157B520095563C /* Frameworks */,
				0E69353B18157B520095563C /* Products */,
			);
			sourceTree = "<group>";
		};
		0E69353B18157B520095563C /* Products */ = {
			isa = PBXGroup;
			children = (
				0E69353A18157B520095563C /* omniRemind.app */,
			);
			name = Products;
			sourceTree = "<group>";
		};
		0E69353C18157B520095563C /* Frameworks */ = {
			isa = PBXGroup;
			children = (
				0EBEA9EF18329EEB006BAA52 /* Parse.framework */,
				3A154E641831EDD9006B2653 /* SystemConfiguration.framework */,
				3A154E621831EDD3006B2653 /* StoreKit.framework */,
				3A154E601831EDCD006B2653 /* Security.framework */,
				3A154E5E1831EDC7006B2653 /* QuartzCore.framework */,
				3A154E5C1831EDBE006B2653 /* MobileCoreServices.framework */,
				3A154E5A1831EDB3006B2653 /* libz.1.1.3.dylib */,
				3A154E581831EDAA006B2653 /* CoreLocation.framework */,
				3A154E561831ED9E006B2653 /* CFNetwork.framework */,
				3A154E541831ED98006B2653 /* AudioToolbox.framework */,
				0E69353D18157B520095563C /* UIKit.framework */,
				0E69353F18157B520095563C /* Foundation.framework */,
				0E69354118157B520095563C /* CoreGraphics.framework */,
			);
			name = Frameworks;
			sourceTree = "<group>";
		};
		0E69354318157B520095563C /* omniRemind */ = {
			isa = PBXGroup;
			children = (
				0E69354C18157B520095563C /* OmniRemindAppDelegate.h */,
				0E69354D18157B520095563C /* OmniRemindAppDelegate.m */,
				0E69355518157B520095563C /* MainStoryboard_iPhone.storyboard */,
				0E69355818157B520095563C /* MainStoryboard_iPad.storyboard */,
				0E59F916182762F800942B12 /* viewControllers */,
				0E59F9181827630C00942B12 /* views */,
				0E59F9141827554900942B12 /* Model */,
				0E21ABE7182CC20000C22BA0 /* icons */,
				3A8EE4C618219C8B001EB511 /* CoreDataModel */,
				0E69354418157B520095563C /* Supporting Files */,
			);
			path = omniRemind;
			sourceTree = "<group>";
		};
		0E69354418157B520095563C /* Supporting Files */ = {
			isa = PBXGroup;
			children = (
				0E69354518157B520095563C /* omniRemind-Info.plist */,
				0E69354618157B520095563C /* InfoPlist.strings */,
				0E69354918157B520095563C /* main.m */,
				0E69354B18157B520095563C /* omniRemind-Prefix.pch */,
				0E69354F18157B520095563C /* Default.png */,
				0E69355118157B520095563C /* Default@2x.png */,
				0E69355318157B520095563C /* Default-568h@2x.png */,
			);
			name = "Supporting Files";
			sourceTree = "<group>";
		};
		3A8EE4C618219C8B001EB511 /* CoreDataModel */ = {
			isa = PBXGroup;
			children = (
				3A8EE4C318219C82001EB511 /* CalendarModel.xcdatamodeld */,
				3A8EE4C718219CDE001EB511 /* CoreDataTableViewController.h */,
				3A8EE4C818219CDE001EB511 /* CoreDataTableViewController.m */,
			);
			name = CoreDataModel;
			sourceTree = "<group>";
		};
/* End PBXGroup section */

/* Begin PBXNativeTarget section */
		0E69353918157B520095563C /* omniRemind */ = {
			isa = PBXNativeTarget;
			buildConfigurationList = 0E69356018157B520095563C /* Build configuration list for PBXNativeTarget "omniRemind" */;
			buildPhases = (
				0E69353618157B520095563C /* Sources */,
				0E69353718157B520095563C /* Frameworks */,
				0E69353818157B520095563C /* Resources */,
			);
			buildRules = (
			);
			dependencies = (
			);
			name = omniRemind;
			productName = omniRemind;
			productReference = 0E69353A18157B520095563C /* omniRemind.app */;
			productType = "com.apple.product-type.application";
		};
/* End PBXNativeTarget section */

/* Begin PBXProject section */
		0E69353218157B520095563C /* Project object */ = {
			isa = PBXProject;
			attributes = {
				CLASSPREFIX = OmniRemind;
				LastUpgradeCheck = 0460;
				ORGANIZATIONNAME = "Rice University";
				TargetAttributes = {
					0E69353918157B520095563C = {
						DevelopmentTeam = 426XA75MF6;
					};
				};
			};
			buildConfigurationList = 0E69353518157B520095563C /* Build configuration list for PBXProject "omniRemind" */;
			compatibilityVersion = "Xcode 3.2";
			developmentRegion = English;
			hasScannedForEncodings = 0;
			knownRegions = (
				en,
			);
			mainGroup = 0E69353118157B520095563C;
			productRefGroup = 0E69353B18157B520095563C /* Products */;
			projectDirPath = "";
			projectRoot = "";
			targets = (
				0E69353918157B520095563C /* omniRemind */,
			);
		};
/* End PBXProject section */

/* Begin PBXResourcesBuildPhase section */
		0E69353818157B520095563C /* Resources */ = {
			isa = PBXResourcesBuildPhase;
			buildActionMask = 2147483647;
			files = (
				0EB0E2501833C305008506BE /* pencil.png in Resources */,
				0E21ABED182CC35100C22BA0 /* calendar.png in Resources */,
				0E69354818157B520095563C /* InfoPlist.strings in Resources */,
				0E69355018157B520095563C /* Default.png in Resources */,
				0E69355218157B520095563C /* Default@2x.png in Resources */,
				0E697BB01832CC3800D37AD4 /* plus-sign.png in Resources */,
				0E69355418157B520095563C /* Default-568h@2x.png in Resources */,
				0E21ABF1182CC3EB00C22BA0 /* today.png in Resources */,
				0E69355718157B520095563C /* MainStoryboard_iPhone.storyboard in Resources */,
				0E21ABEF182CC3A500C22BA0 /* reminder.png in Resources */,
				0E69355A18157B520095563C /* MainStoryboard_iPad.storyboard in Resources */,
				0EB0E24E1833B791008506BE /* disclosure.png in Resources */,
			);
			runOnlyForDeploymentPostprocessing = 0;
		};
/* End PBXResourcesBuildPhase section */

/* Begin PBXSourcesBuildPhase section */
		0E69353618157B520095563C /* Sources */ = {
			isa = PBXSourcesBuildPhase;
			buildActionMask = 2147483647;
			files = (
				0E69354A18157B520095563C /* main.m in Sources */,
				0E69354E18157B520095563C /* OmniRemindAppDelegate.m in Sources */,
				0E541FDC18437F1D00B7054F /* OmniRemindCourse.m in Sources */,
				0E59F9101827469500942B12 /* OmniRemindCalendarView.m in Sources */,
				0E59F9131827554100942B12 /* OmniRemindEventGenerator.m in Sources */,
				0E21ABF4182CC7C400C22BA0 /* OmniRemindEventDetailViewController.m in Sources */,
				0E59F90F1827469500942B12 /* OmniRemindCalendarCollectionViewCell.m in Sources */,
				0E697BB31832CE0400D37AD4 /* OmniRemindAddViewController.m in Sources */,
				3A8EE4C518219C82001EB511 /* CalendarModel.xcdatamodeld in Sources */,
				0ED2CC0B18299A6E003C8B16 /* OmniRemindDayViewController.m in Sources */,
				3A8EE4C918219CDE001EB511 /* CoreDataTableViewController.m in Sources */,
				3A2B61D218242E0F005736CD /* CalendarViewController.m in Sources */,
				0E541FD9184376E800B7054F /* OmniRemindAddDetailViewController.m in Sources */,
				3A98DA06183312B6005905F9 /* CourseDataFetcher.m in Sources */,
				0E21ABFA182CCADC00C22BA0 /* OmniRemindReminderViewController.m in Sources */,
			);
			runOnlyForDeploymentPostprocessing = 0;
		};
/* End PBXSourcesBuildPhase section */

/* Begin PBXVariantGroup section */
		0E69354618157B520095563C /* InfoPlist.strings */ = {
			isa = PBXVariantGroup;
			children = (
				0E69354718157B520095563C /* en */,
			);
			name = InfoPlist.strings;
			sourceTree = "<group>";
		};
		0E69355518157B520095563C /* MainStoryboard_iPhone.storyboard */ = {
			isa = PBXVariantGroup;
			children = (
				0E69355618157B520095563C /* en */,
			);
			name = MainStoryboard_iPhone.storyboard;
			sourceTree = "<group>";
		};
		0E69355818157B520095563C /* MainStoryboard_iPad.storyboard */ = {
			isa = PBXVariantGroup;
			children = (
				0E69355918157B520095563C /* en */,
			);
			name = MainStoryboard_iPad.storyboard;
			sourceTree = "<group>";
		};
/* End PBXVariantGroup section */

/* Begin XCBuildConfiguration section */
		0E69355E18157B520095563C /* Debug */ = {
			isa = XCBuildConfiguration;
			buildSettings = {
				ALWAYS_SEARCH_USER_PATHS = NO;
				CLANG_CXX_LANGUAGE_STANDARD = "gnu++0x";
				CLANG_CXX_LIBRARY = "libc++";
				CLANG_ENABLE_OBJC_ARC = YES;
				CLANG_WARN_CONSTANT_CONVERSION = YES;
				CLANG_WARN_EMPTY_BODY = YES;
				CLANG_WARN_ENUM_CONVERSION = YES;
				CLANG_WARN_INT_CONVERSION = YES;
				CLANG_WARN__DUPLICATE_METHOD_MATCH = YES;
				"CODE_SIGN_IDENTITY[sdk=iphoneos*]" = "iPhone Developer";
				COPY_PHASE_STRIP = NO;
				GCC_C_LANGUAGE_STANDARD = gnu99;
				GCC_DYNAMIC_NO_PIC = NO;
				GCC_OPTIMIZATION_LEVEL = 0;
				GCC_PREPROCESSOR_DEFINITIONS = (
					"DEBUG=1",
					"$(inherited)",
				);
				GCC_SYMBOLS_PRIVATE_EXTERN = NO;
				GCC_WARN_ABOUT_RETURN_TYPE = YES;
				GCC_WARN_UNINITIALIZED_AUTOS = YES;
				GCC_WARN_UNUSED_VARIABLE = YES;
				IPHONEOS_DEPLOYMENT_TARGET = 6.1;
				ONLY_ACTIVE_ARCH = YES;
				SDKROOT = iphoneos;
				TARGETED_DEVICE_FAMILY = "1,2";
			};
			name = Debug;
		};
		0E69355F18157B520095563C /* Release */ = {
			isa = XCBuildConfiguration;
			buildSettings = {
				ALWAYS_SEARCH_USER_PATHS = NO;
				CLANG_CXX_LANGUAGE_STANDARD = "gnu++0x";
				CLANG_CXX_LIBRARY = "libc++";
				CLANG_ENABLE_OBJC_ARC = YES;
				CLANG_WARN_CONSTANT_CONVERSION = YES;
				CLANG_WARN_EMPTY_BODY = YES;
				CLANG_WARN_ENUM_CONVERSION = YES;
				CLANG_WARN_INT_CONVERSION = YES;
				CLANG_WARN__DUPLICATE_METHOD_MATCH = YES;
				"CODE_SIGN_IDENTITY[sdk=iphoneos*]" = "iPhone Developer";
				COPY_PHASE_STRIP = YES;
				GCC_C_LANGUAGE_STANDARD = gnu99;
				GCC_WARN_ABOUT_RETURN_TYPE = YES;
				GCC_WARN_UNINITIALIZED_AUTOS = YES;
				GCC_WARN_UNUSED_VARIABLE = YES;
				IPHONEOS_DEPLOYMENT_TARGET = 6.1;
				OTHER_CFLAGS = "-DNS_BLOCK_ASSERTIONS=1";
				SDKROOT = iphoneos;
				TARGETED_DEVICE_FAMILY = "1,2";
				VALIDATE_PRODUCT = YES;
			};
			name = Release;
		};
		0E69356118157B520095563C /* Debug */ = {
			isa = XCBuildConfiguration;
			buildSettings = {
				CODE_SIGN_IDENTITY = "iPhone Developer";
				"CODE_SIGN_IDENTITY[sdk=iphoneos*]" = "iPhone Developer";
				FRAMEWORK_SEARCH_PATHS = (
					"$(inherited)",
					/Users/wenxuancai/CS/iOS/appDevBranch/omniRemind,
					/Users/mirachen/Documents/studyInfo/comp/comp446/omniRemind/omniRemind/omniRemind/frameWork,
				);
				GCC_PRECOMPILE_PREFIX_HEADER = YES;
				GCC_PREFIX_HEADER = "omniRemind/omniRemind-Prefix.pch";
				INFOPLIST_FILE = "omniRemind/omniRemind-Info.plist";
				PRODUCT_NAME = "$(TARGET_NAME)";
				PROVISIONING_PROFILE = "";
				WRAPPER_EXTENSION = app;
			};
			name = Debug;
		};
		0E69356218157B520095563C /* Release */ = {
			isa = XCBuildConfiguration;
			buildSettings = {
				CODE_SIGN_IDENTITY = "iPhone Developer";
				"CODE_SIGN_IDENTITY[sdk=iphoneos*]" = "iPhone Developer";
				FRAMEWORK_SEARCH_PATHS = (
					"$(inherited)",
					/Users/wenxuancai/CS/iOS/appDevBranch/omniRemind,
					/Users/mirachen/Documents/studyInfo/comp/comp446/omniRemind/omniRemind/omniRemind/frameWork,
				);
				GCC_PRECOMPILE_PREFIX_HEADER = YES;
				GCC_PREFIX_HEADER = "omniRemind/omniRemind-Prefix.pch";
				INFOPLIST_FILE = "omniRemind/omniRemind-Info.plist";
				PRODUCT_NAME = "$(TARGET_NAME)";
				PROVISIONING_PROFILE = "";
				WRAPPER_EXTENSION = app;
			};
			name = Release;
		};
/* End XCBuildConfiguration section */

/* Begin XCConfigurationList section */
		0E69353518157B520095563C /* Build configuration list for PBXProject "omniRemind" */ = {
			isa = XCConfigurationList;
			buildConfigurations = (
				0E69355E18157B520095563C /* Debug */,
				0E69355F18157B520095563C /* Release */,
			);
			defaultConfigurationIsVisible = 0;
			defaultConfigurationName = Release;
		};
		0E69356018157B520095563C /* Build configuration list for PBXNativeTarget "omniRemind" */ = {
			isa = XCConfigurationList;
			buildConfigurations = (
				0E69356118157B520095563C /* Debug */,
				0E69356218157B520095563C /* Release */,
			);
			defaultConfigurationIsVisible = 0;
			defaultConfigurationName = Release;
		};
/* End XCConfigurationList section */

/* Begin XCVersionGroup section */
		3A8EE4C318219C82001EB511 /* CalendarModel.xcdatamodeld */ = {
			isa = XCVersionGroup;
			children = (
				3A8EE4C418219C82001EB511 /* CalendarModel.xcdatamodel */,
			);
			currentVersion = 3A8EE4C418219C82001EB511 /* CalendarModel.xcdatamodel */;
			name = CalendarModel.xcdatamodeld;
			path = CoreDataModel/CalendarModel.xcdatamodeld;
			sourceTree = "<group>";
			versionGroupType = wrapper.xcdatamodel;
		};
/* End XCVersionGroup section */
	};
	rootObject = 0E69353218157B520095563C /* Project object */;
}
